
Microsoft Visual Studio Solution File, Format Version 12.00
# Visual Studio Version 17
VisualStudioVersion = 17.4.33103.184
MinimumVisualStudioVersion = 10.0.40219.1
Project("{2150E333-8FDC-42A3-9474-1A3956D46DE8}") = "Services", "Services", "{DE6C8AA7-8ABE-44EB-9593-6D4CB7884521}"
EndProject
Project("{2150E333-8FDC-42A3-9474-1A3956D46DE8}") = "ServerTicTac", "ServerTicTac", "{AE39B4B2-6181-459A-96AE-0EEF7ABF72BA}"
EndProject
Project("{2150E333-8FDC-42A3-9474-1A3956D46DE8}") = "PrompHandle.Console", "PrompHandle.Console", "{AF1171B2-B6C1-40AA-B6CC-7BB99FEA2BAA}"
EndProject
Project("{9A19103F-16F7-4668-BE54-9A1E7A4F7556}") = "ServerSide.Grpc", "ServerSide.Grpc\ServerSide.Grpc.csproj", "{4AC26609-B33C-4512-AFFC-2A493E2D9008}"
EndProject
Project("{9A19103F-16F7-4668-BE54-9A1E7A4F7556}") = "ServerSide.Core.CW", "ServerSide.Core.CW\ServerSide.Core.CW.csproj", "{56C1E8F5-6D1B-4B3C-972F-DEAB5BC6FC5E}"
EndProject
Project("{9A19103F-16F7-4668-BE54-9A1E7A4F7556}") = "WebApiLoger", "WebApiLoger\WebApiLoger.csproj", "{3C83DCE9-B59C-45BF-B80D-67B3635EAF57}"
EndProject
Project("{9A19103F-16F7-4668-BE54-9A1E7A4F7556}") = "WebApplication1", "WebApplication1\WebApplication1.csproj", "{C8A4E081-95D8-4AD2-BCCA-FA3985EA61C6}"
EndProject
Project("{FAE04EC0-301F-11D3-BF4B-00C04F79EFBC}") = "GrpcService1", "GrpcService1\GrpcService1.csproj", "{EB976C34-59A1-4684-8F00-0DA50C99FE14}"
EndProject
Global
	GlobalSection(SolutionConfigurationPlatforms) = preSolution
		Debug|Any CPU = Debug|Any CPU
		Debug|x64 = Debug|x64
		Release|Any CPU = Release|Any CPU
		Release|x64 = Release|x64
	EndGlobalSection
	GlobalSection(ProjectConfigurationPlatforms) = postSolution
		{4AC26609-B33C-4512-AFFC-2A493E2D9008}.Debug|Any CPU.ActiveCfg = Debug|Any CPU
		{4AC26609-B33C-4512-AFFC-2A493E2D9008}.Debug|Any CPU.Build.0 = Debug|Any CPU
		{4AC26609-B33C-4512-AFFC-2A493E2D9008}.Debug|x64.ActiveCfg = Debug|Any CPU
		{4AC26609-B33C-4512-AFFC-2A493E2D9008}.Debug|x64.Build.0 = Debug|Any CPU
		{4AC26609-B33C-4512-AFFC-2A493E2D9008}.Release|Any CPU.ActiveCfg = Release|Any CPU
		{4AC26609-B33C-4512-AFFC-2A493E2D9008}.Release|Any CPU.Build.0 = Release|Any CPU
		{4AC26609-B33C-4512-AFFC-2A493E2D9008}.Release|x64.ActiveCfg = Release|Any CPU
		{4AC26609-B33C-4512-AFFC-2A493E2D9008}.Release|x64.Build.0 = Release|Any CPU
		{56C1E8F5-6D1B-4B3C-972F-DEAB5BC6FC5E}.Debug|Any CPU.ActiveCfg = Debug|Any CPU
		{56C1E8F5-6D1B-4B3C-972F-DEAB5BC6FC5E}.Debug|Any CPU.Build.0 = Debug|Any CPU
		{56C1E8F5-6D1B-4B3C-972F-DEAB5BC6FC5E}.Debug|x64.ActiveCfg = Debug|Any CPU
		{56C1E8F5-6D1B-4B3C-972F-DEAB5BC6FC5E}.Debug|x64.Build.0 = Debug|Any CPU
		{56C1E8F5-6D1B-4B3C-972F-DEAB5BC6FC5E}.Release|Any CPU.ActiveCfg = Release|Any CPU
		{56C1E8F5-6D1B-4B3C-972F-DEAB5BC6FC5E}.Release|Any CPU.Build.0 = Release|Any CPU
		{56C1E8F5-6D1B-4B3C-972F-DEAB5BC6FC5E}.Release|x64.ActiveCfg = Release|Any CPU
		{56C1E8F5-6D1B-4B3C-972F-DEAB5BC6FC5E}.Release|x64.Build.0 = Release|Any CPU
		{3C83DCE9-B59C-45BF-B80D-67B3635EAF57}.Debug|Any CPU.ActiveCfg = Debug|Any CPU
		{3C83DCE9-B59C-45BF-B80D-67B3635EAF57}.Debug|Any CPU.Build.0 = Debug|Any CPU
		{3C83DCE9-B59C-45BF-B80D-67B3635EAF57}.Debug|x64.ActiveCfg = Debug|Any CPU
		{3C83DCE9-B59C-45BF-B80D-67B3635EAF57}.Debug|x64.Build.0 = Debug|Any CPU
		{3C83DCE9-B59C-45BF-B80D-67B3635EAF57}.Release|Any CPU.ActiveCfg = Release|Any CPU
		{3C83DCE9-B59C-45BF-B80D-67B3635EAF57}.Release|Any CPU.Build.0 = Release|Any CPU
		{3C83DCE9-B59C-45BF-B80D-67B3635EAF57}.Release|x64.ActiveCfg = Release|Any CPU
		{3C83DCE9-B59C-45BF-B80D-67B3635EAF57}.Release|x64.Build.0 = Release|Any CPU
		{C8A4E081-95D8-4AD2-BCCA-FA3985EA61C6}.Debug|Any CPU.ActiveCfg = Debug|Any CPU
		{C8A4E081-95D8-4AD2-BCCA-FA3985EA61C6}.Debug|Any CPU.Build.0 = Debug|Any CPU
		{C8A4E081-95D8-4AD2-BCCA-FA3985EA61C6}.Debug|x64.ActiveCfg = Debug|Any CPU
		{C8A4E081-95D8-4AD2-BCCA-FA3985EA61C6}.Debug|x64.Build.0 = Debug|Any CPU
		{C8A4E081-95D8-4AD2-BCCA-FA3985EA61C6}.Release|Any CPU.ActiveCfg = Release|Any CPU
		{C8A4E081-95D8-4AD2-BCCA-FA3985EA61C6}.Release|Any CPU.Build.0 = Release|Any CPU
		{C8A4E081-95D8-4AD2-BCCA-FA3985EA61C6}.Release|x64.ActiveCfg = Release|Any CPU
		{C8A4E081-95D8-4AD2-BCCA-FA3985EA61C6}.Release|x64.Build.0 = Release|Any CPU
		{EB976C34-59A1-4684-8F00-0DA50C99FE14}.Debug|Any CPU.ActiveCfg = Debug|Any CPU
		{EB976C34-59A1-4684-8F00-0DA50C99FE14}.Debug|Any CPU.Build.0 = Debug|Any CPU
		{EB976C34-59A1-4684-8F00-0DA50C99FE14}.Debug|x64.ActiveCfg = Debug|Any CPU
		{EB976C34-59A1-4684-8F00-0DA50C99FE14}.Debug|x64.Build.0 = Debug|Any CPU
		{EB976C34-59A1-4684-8F00-0DA50C99FE14}.Release|Any CPU.ActiveCfg = Release|Any CPU
		{EB976C34-59A1-4684-8F00-0DA50C99FE14}.Release|Any CPU.Build.0 = Release|Any CPU
		{EB976C34-59A1-4684-8F00-0DA50C99FE14}.Release|x64.ActiveCfg = Release|Any CPU
		{EB976C34-59A1-4684-8F00-0DA50C99FE14}.Release|x64.Build.0 = Release|Any CPU
	EndGlobalSection
	GlobalSection(SolutionProperties) = preSolution
		HideSolutionNode = FALSE
	EndGlobalSection
	GlobalSection(NestedProjects) = preSolution
		{AE39B4B2-6181-459A-96AE-0EEF7ABF72BA} = {DE6C8AA7-8ABE-44EB-9593-6D4CB7884521}
		{AF1171B2-B6C1-40AA-B6CC-7BB99FEA2BAA} = {DE6C8AA7-8ABE-44EB-9593-6D4CB7884521}
		{4AC26609-B33C-4512-AFFC-2A493E2D9008} = {AE39B4B2-6181-459A-96AE-0EEF7ABF72BA}
		{56C1E8F5-6D1B-4B3C-972F-DEAB5BC6FC5E} = {AE39B4B2-6181-459A-96AE-0EEF7ABF72BA}
		{3C83DCE9-B59C-45BF-B80D-67B3635EAF57} = {AF1171B2-B6C1-40AA-B6CC-7BB99FEA2BAA}
		{C8A4E081-95D8-4AD2-BCCA-FA3985EA61C6} = {AF1171B2-B6C1-40AA-B6CC-7BB99FEA2BAA}
		{EB976C34-59A1-4684-8F00-0DA50C99FE14} = {AE39B4B2-6181-459A-96AE-0EEF7ABF72BA}
	EndGlobalSection
	GlobalSection(ExtensibilityGlobals) = postSolution
		SolutionGuid = {50C12115-E441-47CB-A0EC-D8B67635AECA}
	EndGlobalSection
EndGlobal
